<?xml version="1.0" encoding="utf-8"?>
<Project ToolsVersion="4.0" xmlns="http://schemas.microsoft.com/developer/msbuild/2003">
  <ItemGroup>
    <ClCompile Include="LeftTop.cpp" />
    <ClCompile Include="Main.cpp" />
    <ClCompile Include="RightBottom.cpp" />
    <ClCompile Include="RightTop.cpp" />
    <ClCompile Include="stdafx.cpp" />
    <ClCompile Include="WinMain.cpp" />
  </ItemGroup>
  <ItemGroup>
    <ClInclude Include="LeftTop.h" />
    <ClInclude Include="Main.h" />
    <ClInclude Include="RightBottom.h" />
    <ClInclude Include="RightTop.h" />
    <ClInclude Include="stdafx.h" />
  </ItemGroup>
</Project>